
Microsoft Visual Studio Solution File, Format Version 12.00
# Visual Studio Version 16
VisualStudioVersion = 16.0.32413.511
MinimumVisualStudioVersion = 10.0.40219.1
Project("{FAE04EC0-301F-11D3-BF4B-00C04F79EFBC}") = "L2_TreeView", "L2_TreeView\L2_TreeView.csproj", "{E88D6A4B-8D8F-49BD-A262-3807D0B788F0}"
EndProject
Global
	GlobalSection(SolutionConfigurationPlatforms) = preSolution
		Debug|Any CPU = Debug|Any CPU
		Release|Any CPU = Release|Any CPU
	EndGlobalSection
	GlobalSection(ProjectConfigurationPlatforms) = postSolution
		{E88D6A4B-8D8F-49BD-A262-3807D0B788F0}.Debug|Any CPU.ActiveCfg = Debug|Any CPU
		{E88D6A4B-8D8F-49BD-A262-3807D0B788F0}.Debug|Any CPU.Build.0 = Debug|Any CPU
		{E88D6A4B-8D8F-49BD-A262-3807D0B788F0}.Release|Any CPU.ActiveCfg = Release|Any CPU
		{E88D6A4B-8D8F-49BD-A262-3807D0B788F0}.Release|Any CPU.Build.0 = Release|Any CPU
	EndGlobalSection
	GlobalSection(SolutionProperties) = preSolution
		HideSolutionNode = FALSE
	EndGlobalSection
	GlobalSection(ExtensibilityGlobals) = postSolution
		SolutionGuid = {5EA67D87-8397-450C-AF5C-DCDA45447206}
	EndGlobalSection
EndGlobal
